
Microsoft Visual Studio Solution File, Format Version 12.00
# Visual Studio Version 17
VisualStudioVersion = 17.13.35825.156 d17.13
MinimumVisualStudioVersion = 10.0.40219.1
Project("{8BC9CEB8-8B4A-11D0-8D11-00A0C91BC942}") = "test-20260519", "test-20260519\test-20260519.vcxproj", "{CA2B4A6D-EFD1-46F5-91C8-B8CA6B9A2910}"
EndProject
Global
	GlobalSection(SolutionConfigurationPlatforms) = preSolution
		Debug|x64 = Debug|x64
		Debug|x86 = Debug|x86
		Release|x64 = Release|x64
		Release|x86 = Release|x86
	EndGlobalSection
	GlobalSection(ProjectConfigurationPlatforms) = postSolution
		{CA2B4A6D-EFD1-46F5-91C8-B8CA6B9A2910}.Debug|x64.ActiveCfg = Debug|x64
		{CA2B4A6D-EFD1-46F5-91C8-B8CA6B9A2910}.Debug|x64.Build.0 = Debug|x64
		{CA2B4A6D-EFD1-46F5-91C8-B8CA6B9A2910}.Debug|x86.ActiveCfg = Debug|Win32
		{CA2B4A6D-EFD1-46F5-91C8-B8CA6B9A2910}.Debug|x86.Build.0 = Debug|Win32
		{CA2B4A6D-EFD1-46F5-91C8-B8CA6B9A2910}.Release|x64.ActiveCfg = Release|x64
		{CA2B4A6D-EFD1-46F5-91C8-B8CA6B9A2910}.Release|x64.Build.0 = Release|x64
		{CA2B4A6D-EFD1-46F5-91C8-B8CA6B9A2910}.Release|x86.ActiveCfg = Release|Win32
		{CA2B4A6D-EFD1-46F5-91C8-B8CA6B9A2910}.Release|x86.Build.0 = Release|Win32
	EndGlobalSection
	GlobalSection(SolutionProperties) = preSolution
		HideSolutionNode = FALSE
	EndGlobalSection
	GlobalSection(ExtensibilityGlobals) = postSolution
		SolutionGuid = {15606928-1D66-4CB7-AFFD-4D67ADB140D8}
	EndGlobalSection
EndGlobal
