
Microsoft Visual Studio Solution File, Format Version 12.00
# Visual Studio Version 17
VisualStudioVersion = 17.13.35825.156 d17.13
MinimumVisualStudioVersion = 10.0.40219.1
Project("{8BC9CEB8-8B4A-11D0-8D11-00A0C91BC942}") = "扫雷", "扫雷\扫雷.vcxproj", "{DB704CCC-51F0-421E-8A1B-5BDD1514D71B}"
EndProject
Global
	GlobalSection(SolutionConfigurationPlatforms) = preSolution
		Debug|x64 = Debug|x64
		Debug|x86 = Debug|x86
		Release|x64 = Release|x64
		Release|x86 = Release|x86
	EndGlobalSection
	GlobalSection(ProjectConfigurationPlatforms) = postSolution
		{DB704CCC-51F0-421E-8A1B-5BDD1514D71B}.Debug|x64.ActiveCfg = Debug|x64
		{DB704CCC-51F0-421E-8A1B-5BDD1514D71B}.Debug|x64.Build.0 = Debug|x64
		{DB704CCC-51F0-421E-8A1B-5BDD1514D71B}.Debug|x86.ActiveCfg = Debug|Win32
		{DB704CCC-51F0-421E-8A1B-5BDD1514D71B}.Debug|x86.Build.0 = Debug|Win32
		{DB704CCC-51F0-421E-8A1B-5BDD1514D71B}.Release|x64.ActiveCfg = Release|x64
		{DB704CCC-51F0-421E-8A1B-5BDD1514D71B}.Release|x64.Build.0 = Release|x64
		{DB704CCC-51F0-421E-8A1B-5BDD1514D71B}.Release|x86.ActiveCfg = Release|Win32
		{DB704CCC-51F0-421E-8A1B-5BDD1514D71B}.Release|x86.Build.0 = Release|Win32
	EndGlobalSection
	GlobalSection(SolutionProperties) = preSolution
		HideSolutionNode = FALSE
	EndGlobalSection
	GlobalSection(ExtensibilityGlobals) = postSolution
		SolutionGuid = {102B66F4-1A17-493D-B5A5-A7CD447DEA2C}
	EndGlobalSection
EndGlobal
