
Microsoft Visual Studio Solution File, Format Version 12.00
# Visual Studio Version 17
VisualStudioVersion = 17.13.35825.156 d17.13
MinimumVisualStudioVersion = 10.0.40219.1
Project("{8BC9CEB8-8B4A-11D0-8D11-00A0C91BC942}") = "test-20260304", "test-20260304\test-20260304.vcxproj", "{94FBA902-0D1B-4B0E-9535-53A9F05DFD4F}"
EndProject
Global
	GlobalSection(SolutionConfigurationPlatforms) = preSolution
		Debug|x64 = Debug|x64
		Debug|x86 = Debug|x86
		Release|x64 = Release|x64
		Release|x86 = Release|x86
	EndGlobalSection
	GlobalSection(ProjectConfigurationPlatforms) = postSolution
		{94FBA902-0D1B-4B0E-9535-53A9F05DFD4F}.Debug|x64.ActiveCfg = Debug|x64
		{94FBA902-0D1B-4B0E-9535-53A9F05DFD4F}.Debug|x64.Build.0 = Debug|x64
		{94FBA902-0D1B-4B0E-9535-53A9F05DFD4F}.Debug|x86.ActiveCfg = Debug|Win32
		{94FBA902-0D1B-4B0E-9535-53A9F05DFD4F}.Debug|x86.Build.0 = Debug|Win32
		{94FBA902-0D1B-4B0E-9535-53A9F05DFD4F}.Release|x64.ActiveCfg = Release|x64
		{94FBA902-0D1B-4B0E-9535-53A9F05DFD4F}.Release|x64.Build.0 = Release|x64
		{94FBA902-0D1B-4B0E-9535-53A9F05DFD4F}.Release|x86.ActiveCfg = Release|Win32
		{94FBA902-0D1B-4B0E-9535-53A9F05DFD4F}.Release|x86.Build.0 = Release|Win32
	EndGlobalSection
	GlobalSection(SolutionProperties) = preSolution
		HideSolutionNode = FALSE
	EndGlobalSection
	GlobalSection(ExtensibilityGlobals) = postSolution
		SolutionGuid = {1446956A-B82D-408D-91A9-83B55A0C09C9}
	EndGlobalSection
EndGlobal
